
Microsoft Visual Studio Solution File, Format Version 12.00
Project("{FAE04EC0-301F-11D3-BF4B-00C04F79EFBC}") = "FetalHelper.Api", "FetalHelper.Api\FetalHelper.Api.csproj", "{E93C4D7D-EDA5-416D-B1DA-7E2F8D5232D3}"
EndProject
Project("{FAE04EC0-301F-11D3-BF4B-00C04F79EFBC}") = "FetalHelper.Core", "FetalHelper.Core\FetalHelper.Core.csproj", "{441DAD44-FBC9-4E84-8887-524944A6159A}"
EndProject
Project("{FAE04EC0-301F-11D3-BF4B-00C04F79EFBC}") = "FetalHelper.DatabaseAccess", "FetalHelper.DatabaseAccess\FetalHelper.DatabaseAccess.csproj", "{CAC6DD72-E0AA-4D1B-9403-F5A0B30A60D2}"
EndProject
Project("{FAE04EC0-301F-11D3-BF4B-00C04F79EFBC}") = "FetalHelper.Application", "FetalHelper.Application\FetalHelper.Application.csproj", "{9986B9C4-509E-4CCC-9960-6AAD9E1F8062}"
EndProject
Global
	GlobalSection(SolutionConfigurationPlatforms) = preSolution
		Debug|Any CPU = Debug|Any CPU
		Release|Any CPU = Release|Any CPU
	EndGlobalSection
	GlobalSection(ProjectConfigurationPlatforms) = postSolution
		{E93C4D7D-EDA5-416D-B1DA-7E2F8D5232D3}.Debug|Any CPU.ActiveCfg = Debug|Any CPU
		{E93C4D7D-EDA5-416D-B1DA-7E2F8D5232D3}.Debug|Any CPU.Build.0 = Debug|Any CPU
		{E93C4D7D-EDA5-416D-B1DA-7E2F8D5232D3}.Release|Any CPU.ActiveCfg = Release|Any CPU
		{E93C4D7D-EDA5-416D-B1DA-7E2F8D5232D3}.Release|Any CPU.Build.0 = Release|Any CPU
		{441DAD44-FBC9-4E84-8887-524944A6159A}.Debug|Any CPU.ActiveCfg = Debug|Any CPU
		{441DAD44-FBC9-4E84-8887-524944A6159A}.Debug|Any CPU.Build.0 = Debug|Any CPU
		{441DAD44-FBC9-4E84-8887-524944A6159A}.Release|Any CPU.ActiveCfg = Release|Any CPU
		{441DAD44-FBC9-4E84-8887-524944A6159A}.Release|Any CPU.Build.0 = Release|Any CPU
		{CAC6DD72-E0AA-4D1B-9403-F5A0B30A60D2}.Debug|Any CPU.ActiveCfg = Debug|Any CPU
		{CAC6DD72-E0AA-4D1B-9403-F5A0B30A60D2}.Debug|Any CPU.Build.0 = Debug|Any CPU
		{CAC6DD72-E0AA-4D1B-9403-F5A0B30A60D2}.Release|Any CPU.ActiveCfg = Release|Any CPU
		{CAC6DD72-E0AA-4D1B-9403-F5A0B30A60D2}.Release|Any CPU.Build.0 = Release|Any CPU
		{9986B9C4-509E-4CCC-9960-6AAD9E1F8062}.Debug|Any CPU.ActiveCfg = Debug|Any CPU
		{9986B9C4-509E-4CCC-9960-6AAD9E1F8062}.Debug|Any CPU.Build.0 = Debug|Any CPU
		{9986B9C4-509E-4CCC-9960-6AAD9E1F8062}.Release|Any CPU.ActiveCfg = Release|Any CPU
		{9986B9C4-509E-4CCC-9960-6AAD9E1F8062}.Release|Any CPU.Build.0 = Release|Any CPU
	EndGlobalSection
EndGlobal
